{
  "lockfileVersion": 1,
  "configVersion": 1,
  "workspaces": {
    "": {
      "name": "alicewiki",
      "dependencies": {
        "@langchain/anthropic": "^1.4.0",
        "@langchain/core": "^1.1.48",
        "@langchain/google-genai": "^2.1.31",
        "@langchain/openai": "^1.4.7",
        "@opentui/core": "0.4.1",
        "@opentui/react": "^0.4.1",
        "dotenv": "^17.4.2",
        "langchain": "^1.4.4",
        "react": "^19.2.7",
        "wikipedia": "^2.5.0",
        "zod": "^4.4.3",
      },
      "devDependencies": {
        "@types/bun": "^1.3.14",
        "@types/react": "^19.2.17",
        "typescript": "^6.0.3",
      },
    },
  },
  "packages": {
    "@anthropic-ai/sdk": ["@anthropic-ai/sdk@0.103.0", "", { "dependencies": { "json-schema-to-ts": "^3.1.1", "standardwebhooks": "^1.0.0" }, "peerDependencies": { "zod": "^3.25.0 || ^4.0.0" }, "optionalPeers": ["zod"], "bin": { "anthropic-ai-sdk": "bin/cli" } }, "sha512-1uG7RNgoHTUxzOXqSCODKt0UTVlxWiHk/2Tt2/uQJiPW7XzBeKVuJyd3Aw6T3LPyvZV/jDTnPLX7SaM70WLLjA=="],

    "@babel/runtime": ["@babel/runtime@7.29.7", "", {}, "sha512-Nq8OhGWiZIZGV6hLHoyAKLLcJihP/xFeBMGJoUrxTX2psI8dCifzLhZISFb+VWS3wFMRDmCGw5R+dOySCqPLhw=="],

    "@cfworker/json-schema": ["@cfworker/json-schema@4.1.1", "", {}, "sha512-gAmrUZSGtKc3AiBL71iNWxDsyUC5uMaKKGdvzYsBoTW/xi42JQHl7eKV2OYzCUqvc+D2RCcf7EXY2iCyFIk6og=="],

    "@google/generative-ai": ["@google/generative-ai@0.24.1", "", {}, "sha512-MqO+MLfM6kjxcKoy0p1wRzG3b4ZZXtPI+z2IE26UogS2Cm/XHO+7gGRBh6gcJsOiIVoH93UwKvW4HdgiOZCy9Q=="],

    "@langchain/anthropic": ["@langchain/anthropic@1.5.1", "", { "dependencies": { "@anthropic-ai/sdk": "^0.103.0", "zod": "^3.25.76 || ^4" }, "peerDependencies": { "@langchain/core": "^1.2.1" } }, "sha512-j92zCCd5BFH3rHMRzc2wBmSKDoVpinof1oh8aFiAz9TWbSOc4tGU4n6bqwy/wP0GH1uO96zZHLGCHBMPgrxTNw=="],

    "@langchain/core": ["@langchain/core@1.2.1", "", { "dependencies": { "@cfworker/json-schema": "^4.0.2", "@standard-schema/spec": "^1.1.0", "js-tiktoken": "^1.0.12", "langsmith": ">=0.5.0 <1.0.0", "mustache": "^4.2.0", "p-queue": "^6.6.2", "zod": "^3.25.76 || ^4" } }, "sha512-NNG/cC5FGuHDOAP56h0ddp8Rfk8p+othWzEK5RV9JIG6RvnF5vGa5r0AEGtKfQieed7s1kC42GuIzVOBvMBL/g=="],

    "@langchain/google-genai": ["@langchain/google-genai@2.2.0", "", { "dependencies": { "@google/generative-ai": "^0.24.1" }, "peerDependencies": { "@langchain/core": "^1.2.0" } }, "sha512-1mDqbmB6+iC6ZBQY15r5xJg9wPErnQ774inpKh6qi6BrrjadDwaPHoklJW5IXU94edKiDpm1akIzJCrQDWe6yA=="],

    "@langchain/langgraph": ["@langchain/langgraph@1.4.5", "", { "dependencies": { "@langchain/langgraph-checkpoint": "^1.1.2", "@langchain/langgraph-sdk": "~1.9.24", "@langchain/protocol": "^0.0.18", "@standard-schema/spec": "1.1.0" }, "peerDependencies": { "@langchain/core": "^1.1.48", "zod": "^3.25.32 || ^4.2.0", "zod-to-json-schema": "^3.x" }, "optionalPeers": ["zod-to-json-schema"] }, "sha512-V+o29JPBaMoK/e+8R/m81XaC8h5iNuwWymvgLFhXfJbf7E2xt2mQUkcVXTi4cudGRHbRd14kidCpfaQbfPoYCw=="],

    "@langchain/langgraph-checkpoint": ["@langchain/langgraph-checkpoint@1.1.2", "", { "peerDependencies": { "@langchain/core": "^1.1.48" } }, "sha512-m5Xd7W3G9JrlEhFZ5WAcqZPgE46R9gr1gFDFaVqEKeuwin3tgEp0jlPbru+iFXCug338DcQjFS/Kuuci21ydvw=="],

    "@langchain/langgraph-sdk": ["@langchain/langgraph-sdk@1.9.24", "", { "dependencies": { "@langchain/protocol": "^0.0.18", "@types/json-schema": "^7.0.15", "p-queue": "^9.0.1", "p-retry": "^7.1.1" }, "peerDependencies": { "@langchain/core": "^1.1.48", "react": "^18 || ^19", "react-dom": "^18 || ^19", "svelte": "^4.0.0 || ^5.0.0", "vue": "^3.0.0" }, "optionalPeers": ["react", "react-dom", "svelte", "vue"] }, "sha512-WhM6QdxNipndQjl5nkvqnBt9Wl16oO2p0KiVhndAFLJMwO3bZLEx++lwtbqUFQu1sHyNxiWixgRGm8qZsuHCeA=="],

    "@langchain/openai": ["@langchain/openai@1.5.2", "", { "dependencies": { "js-tiktoken": "^1.0.12", "openai": "^6.41.0", "zod": "^3.25.76 || ^4" }, "peerDependencies": { "@langchain/core": "^1.2.1" } }, "sha512-En/QzXO3YFuaaZWQiGx0ZBNJMK3ipL/tz8F/PReG/63oV3wk2nz906QA8drYnd8r2/3NtSkbf3x/8qms5o6qTg=="],

    "@langchain/protocol": ["@langchain/protocol@0.0.18", "", {}, "sha512-XW1egQtPfsGI41w2AMZNFZrUIwFSQHTjVMZs0OaTpCAvht/QLoaPN8FQcsysMVypOhupG28J29yOorrc70otBQ=="],

    "@opentui/core": ["@opentui/core@0.4.1", "", { "dependencies": { "bun-ffi-structs": "0.2.3", "diff": "9.0.0", "marked": "17.0.1", "string-width": "7.2.0", "strip-ansi": "7.1.2" }, "optionalDependencies": { "@opentui/core-darwin-arm64": "0.4.1", "@opentui/core-darwin-x64": "0.4.1", "@opentui/core-linux-arm64": "0.4.1", "@opentui/core-linux-arm64-musl": "0.4.1", "@opentui/core-linux-x64": "0.4.1", "@opentui/core-linux-x64-musl": "0.4.1", "@opentui/core-win32-arm64": "0.4.1", "@opentui/core-win32-x64": "0.4.1" }, "peerDependencies": { "web-tree-sitter": "0.25.10" } }, "sha512-ejlunoFCGLcghYGdfamI/DlWHsgCTLbuoL2JeOmFuLsN+DM5phje3CQbGR4tpl24cadCgHJQFomjoQ9Htvin+Q=="],

    "@opentui/core-darwin-arm64": ["@opentui/core-darwin-arm64@0.4.1", "", { "os": "darwin", "cpu": "arm64" }, "sha512-ocs73hj9n0zLArOTpUWIXCWU6ERThG+3wQzO78EvfaR4hb5FRrDHGKWTzXpr6ukSKsUtKdztK5XYTPsJ5e3vww=="],

    "@opentui/core-darwin-x64": ["@opentui/core-darwin-x64@0.4.1", "", { "os": "darwin", "cpu": "x64" }, "sha512-YogRtDBfxGeOkcSHDMsGkKFBIt3cWPMPGNu2AmEN6a5KKjDYwAZCudwbDJaUbZDCJjfAUHz9iXjhJVXJBXs9vQ=="],

    "@opentui/core-linux-arm64": ["@opentui/core-linux-arm64@0.4.1", "", { "os": "linux", "cpu": "arm64" }, "sha512-sBZTS1eEGeVSQ8fAmDALKQcT7FckrhK64oHfEO7W0lJ+lXapfJuOKtTM33na54V56GAM9guk4RD4cbPeTXEh4g=="],

    "@opentui/core-linux-arm64-musl": ["@opentui/core-linux-arm64-musl@0.4.1", "", { "os": "linux", "cpu": "arm64" }, "sha512-Eps9qB+vQ/Lel4ZYqMH87Um9oiU17Vu4oWzvRi40Yf+69vA1a3R4D7KUCeY3OxKWnRnwAHkMU9TxNnjKngPH/w=="],

    "@opentui/core-linux-x64": ["@opentui/core-linux-x64@0.4.1", "", { "os": "linux", "cpu": "x64" }, "sha512-9/xjYGzX5RdUl0qmGQY0OCayjJ4VffDhsBmApQdseUkMT6LGL3RumI4zPK3Y9vo1fuy6ffLnriLFOktOgutXDg=="],

    "@opentui/core-linux-x64-musl": ["@opentui/core-linux-x64-musl@0.4.1", "", { "os": "linux", "cpu": "x64" }, "sha512-UYcp8XGX4DZXN+VYUVuCrJkbFMJ0L+VUVu0t5KqqaeJ74fI4NZ+DmwNqPPg1+C+EIzoW4QChlEUdhlZRdiEQiA=="],

    "@opentui/core-win32-arm64": ["@opentui/core-win32-arm64@0.4.1", "", { "os": "win32", "cpu": "arm64" }, "sha512-hkIbpUJcKd4iLetTygPlFS45teOBTto49aXuxNeafYQUNd3ehiSwJENNBlAGULLfq+KP3dMJoWUiOcbuPVOQRA=="],

    "@opentui/core-win32-x64": ["@opentui/core-win32-x64@0.4.1", "", { "os": "win32", "cpu": "x64" }, "sha512-s1kGBcloy4ksl3wFCMqqOUFtXWlTTpzxe6pkLFhFhzgqKsMXHE9pwebiS3pzJkkFUxah5MYG+kbcn2Dw2Gdncg=="],

    "@opentui/react": ["@opentui/react@0.4.1", "", { "dependencies": { "@opentui/core": "0.4.1", "react-reconciler": "^0.33.0" }, "peerDependencies": { "react": ">=19.2.0", "react-devtools-core": "^7.0.1", "ws": "^8.18.0" } }, "sha512-hYNS8yhwVA+aGru74rtaxI81TM+rEIhMVOdooQOZRHcyVlml3inmKcI5n0Kroy4Vj4M0rCiVAPhovvqf+xfxGA=="],

    "@stablelib/base64": ["@stablelib/base64@1.0.1", "", {}, "sha512-1bnPQqSxSuc3Ii6MhBysoWCg58j97aUjuCSZrGSmDxNqtytIi0k8utUenAwTZN4V5mXXYGsVUI9zeBqy+jBOSQ=="],

    "@standard-schema/spec": ["@standard-schema/spec@1.1.0", "", {}, "sha512-l2aFy5jALhniG5HgqrD6jXLi/rUWrKvqN/qJx6yoJsgKhblVd+iqqU4RCXavm/jPityDo5TCvKMnpjKnOriy0w=="],

    "@types/bun": ["@types/bun@1.3.14", "", { "dependencies": { "bun-types": "1.3.14" } }, "sha512-h1hFqFVcvAvD9j9K7ZW7vd82aSA+rTdznZa+5bwvCwqSB1jmmfLcbIWhOLx1/+boy/xmjgCs/OMUL8hRJSmnPw=="],

    "@types/json-schema": ["@types/json-schema@7.0.15", "", {}, "sha512-5+fP8P8MFNC+AyZCDxrB2pkZFPGzqQWUzpSeuuVLvm8VMcorNYavBqoFcxK8bQz4Qsbn4oUEEem4wDLfcysGHA=="],

    "@types/node": ["@types/node@26.0.0", "", { "dependencies": { "undici-types": "~8.3.0" } }, "sha512-vf2YFi1iY9lHGwNJMs01biZFbKJkrZR1T6/MlzjhJLPdntOHLhTrDSnSVcdtvjihi4VQNlrFRIxLsDBlQpAipA=="],

    "@types/react": ["@types/react@19.2.17", "", { "dependencies": { "csstype": "^3.2.2" } }, "sha512-MXfmqaVPEVgkBT/aY0aGCkRWWtByiYQXo3xdQ8r5RzuFrPiRn8Gar2tQdXSUQ2GKV3bkXckek89V8wQBY2Q/Aw=="],

    "agent-base": ["agent-base@6.0.2", "", { "dependencies": { "debug": "4" } }, "sha512-RZNwNclF7+MS/8bDg70amg32dyeZGZxiDuQmZxKLAlQjr3jGyLx+4Kkk58UO7D2QdgFIQCovuSuZESne6RG6XQ=="],

    "ansi-regex": ["ansi-regex@6.2.2", "", {}, "sha512-Bq3SmSpyFHaWjPk8If9yc6svM8c56dB5BAtW4Qbw5jHTwwXXcTLoRMkpDJp6VL0XzlWaCHTXrkFURMYmD0sLqg=="],

    "asynckit": ["asynckit@0.4.0", "", {}, "sha512-Oei9OH4tRh0YqU3GxhX79dM/mwVgvbZJaSNaRk+bshkj0S5cfHcgYakreBjrHwatXKbz+IoIdYLxrKim2MjW0Q=="],

    "axios": ["axios@1.18.1", "", { "dependencies": { "follow-redirects": "^1.16.0", "form-data": "^4.0.5", "https-proxy-agent": "^5.0.1", "proxy-from-env": "^2.1.0" } }, "sha512-3nTvFlvpn9Zu/RkHUqtc7/+al4UpRW5az71ap5zccp6e8RAYEzhMTecX8Dz1wWDYrPpUoB1HAQEGEAEvUr7S9g=="],

    "base64-js": ["base64-js@1.5.1", "", {}, "sha512-AKpaYlHn8t4SVbOHCy+b5+KKgvR4vrsD8vbvrbiQJps7fKDTkjkDry6ji0rUJjC0kzbNePLwzxq8iypo41qeWA=="],

    "bun-ffi-structs": ["bun-ffi-structs@0.2.3", "", { "peerDependencies": { "typescript": "^5" } }, "sha512-pgJiXP+hEgFo9qG51J6ItfY4ocs3vniwNzJ9WhoakB3QB2GdzQxX2EXssentPYlB2hOfJrTjO6iIQkWYzUodpg=="],

    "bun-types": ["bun-types@1.3.14", "", { "dependencies": { "@types/node": "*" } }, "sha512-4N0ig0fEomHt5R0KCFWjovxow98rIoRwKolrYdCcknNwMekCXRnWEUvgu5soYV8QXtVsrUD8B95MBOZGPvr6KQ=="],

    "call-bind-apply-helpers": ["call-bind-apply-helpers@1.0.2", "", { "dependencies": { "es-errors": "^1.3.0", "function-bind": "^1.1.2" } }, "sha512-Sp1ablJ0ivDkSzjcaJdxEunN5/XvksFJ2sMBFfq6x0ryhQV/2b/KwFe21cMpmHtPOSij8K99/wSfoEuTObmuMQ=="],

    "camelcase": ["camelcase@4.1.0", "", {}, "sha512-FxAv7HpHrXbh3aPo4o2qxHay2lkLY3x5Mw3KeE4KQE8ysVfziWeRZDwcjauvwBSGEC/nXUPzZy8zeh4HokqOnw=="],

    "combined-stream": ["combined-stream@1.0.8", "", { "dependencies": { "delayed-stream": "~1.0.0" } }, "sha512-FQN4MRfuJeHf7cBbBMJFXhKSDq+2kAArBlmRBvcvFE5BB1HZKXtSFASDhdlz9zOYwxh8lDdnvmMOe/+5cdoEdg=="],

    "csstype": ["csstype@3.2.3", "", {}, "sha512-z1HGKcYy2xA8AGQfwrn0PAy+PB7X/GSj3UVJW9qKyn43xWa+gl5nXmU4qqLMRzWVLFC8KusUX8T/0kCiOYpAIQ=="],

    "debug": ["debug@4.4.3", "", { "dependencies": { "ms": "^2.1.3" }, "peerDependencies": { "supports-color": "*" }, "optionalPeers": ["supports-color"] }, "sha512-RGwwWnwQvkVfavKVt22FGLw+xYSdzARwm0ru6DhTVA3umU5hZc28V3kO4stgYryrTlLpuvgI9GiijltAjNbcqA=="],

    "delayed-stream": ["delayed-stream@1.0.0", "", {}, "sha512-ZySD7Nf91aLB0RxL4KGrKHBXl7Eds1DAmEdcoVawXnLD7SDhpNgtuII2aAkg7a7QS41jxPSZ17p4VdGnMHk3MQ=="],

    "diff": ["diff@9.0.0", "", {}, "sha512-svtcdpS8CgJyqAjEQIXdb3OjhFVVYjzGAPO8WGCmRbrml64SPw/jJD4GoE98aR7r25A0XcgrK3F02yw9R/vhQw=="],

    "dotenv": ["dotenv@17.4.2", "", {}, "sha512-nI4U3TottKAcAD9LLud4Cb7b2QztQMUEfHbvhTH09bqXTxnSie8WnjPALV/WMCrJZ6UV/qHJ6L03OqO3LcdYZw=="],

    "dunder-proto": ["dunder-proto@1.0.1", "", { "dependencies": { "call-bind-apply-helpers": "^1.0.1", "es-errors": "^1.3.0", "gopd": "^1.2.0" } }, "sha512-KIN/nDJBQRcXw0MLVhZE9iQHmG68qAVIBg9CqmUYjmQIhgij9U5MFvrqkUL5FbtyyzZuOeOt0zdeRe4UY7ct+A=="],

    "emoji-regex": ["emoji-regex@10.6.0", "", {}, "sha512-toUI84YS5YmxW219erniWD0CIVOo46xGKColeNQRgOzDorgBi1v4D71/OFzgD9GO2UGKIv1C3Sp8DAn0+j5w7A=="],

    "es-define-property": ["es-define-property@1.0.1", "", {}, "sha512-e3nRfgfUZ4rNGL232gUgX06QNyyez04KdjFrF+LTRoOXmrOgFKDg4BCdsjW8EnT69eqdYGmRpJwiPVYNrCaW3g=="],

    "es-errors": ["es-errors@1.3.0", "", {}, "sha512-Zf5H2Kxt2xjTvbJvP2ZWLEICxA6j+hAmMzIlypy4xcBg1vKVnx89Wy0GbS+kf5cwCVFFzdCFh2XSCFNULS6csw=="],

    "es-object-atoms": ["es-object-atoms@1.1.2", "", { "dependencies": { "es-errors": "^1.3.0" } }, "sha512-HWcBoN6NileqtSydK2FqHbS/LoDd2pqrnQHLyJzBj4kOp/ky2MWMN694xOfkK8/SnUsW2DH7EfyVlydKCsm1Zw=="],

    "es-set-tostringtag": ["es-set-tostringtag@2.1.0", "", { "dependencies": { "es-errors": "^1.3.0", "get-intrinsic": "^1.2.6", "has-tostringtag": "^1.0.2", "hasown": "^2.0.2" } }, "sha512-j6vWzfrGVfyXxge+O0x5sh6cvxAog0a/4Rdd2K36zCMV5eJ+/+tOAngRO8cODMNWbVRdVlmGZQL2YS3yR8bIUA=="],

    "eventemitter3": ["eventemitter3@4.0.7", "", {}, "sha512-8guHBZCwKnFhYdHr2ysuRWErTwhoN2X8XELRlrRwpmfeY2jjuUN4taQMsULKUVo1K4DvZl+0pgfyoysHxvmvEw=="],

    "fast-sha256": ["fast-sha256@1.3.0", "", {}, "sha512-n11RGP/lrWEFI/bWdygLxhI+pVeo1ZYIVwvvPkW7azl/rOy+F3HYRZ2K5zeE9mmkhQppyv9sQFx0JM9UabnpPQ=="],

    "follow-redirects": ["follow-redirects@1.16.0", "", { "peerDependencies": { "debug": "*" }, "optionalPeers": ["debug"] }, "sha512-y5rN/uOsadFT/JfYwhxRS5R7Qce+g3zG97+JrtFZlC9klX/W5hD7iiLzScI4nZqUS7DNUdhPgw4xI8W2LuXlUw=="],

    "form-data": ["form-data@4.0.6", "", { "dependencies": { "asynckit": "^0.4.0", "combined-stream": "^1.0.8", "es-set-tostringtag": "^2.1.0", "hasown": "^2.0.4", "mime-types": "^2.1.35" } }, "sha512-vKatAh4SlVfgbv+YtmhiRjhEMJsYpsG1Y2rMQtR+SVSbytsSD1YGzDIcrAJmdFec88u/+VoGmxnl+80gL1tRCQ=="],

    "function-bind": ["function-bind@1.1.2", "", {}, "sha512-7XHNxH7qX9xG5mIwxkhumTox/MIRNcOgDrxWsMt2pAr23WHp6MrRlN7FBSFpCpr+oVO0F744iUgR82nJMfG2SA=="],

    "get-east-asian-width": ["get-east-asian-width@1.6.0", "", {}, "sha512-QRbvDIbx6YklUe6RxeTeleMR0yv3cYH6PsPZHcnVn7xv7zO1BHN8r0XETu8n6Ye3Q+ahtSarc3WgtNWmehIBfA=="],

    "get-intrinsic": ["get-intrinsic@1.3.0", "", { "dependencies": { "call-bind-apply-helpers": "^1.0.2", "es-define-property": "^1.0.1", "es-errors": "^1.3.0", "es-object-atoms": "^1.1.1", "function-bind": "^1.1.2", "get-proto": "^1.0.1", "gopd": "^1.2.0", "has-symbols": "^1.1.0", "hasown": "^2.0.2", "math-intrinsics": "^1.1.0" } }, "sha512-9fSjSaos/fRIVIp+xSJlE6lfwhES7LNtKaCBIamHsjr2na1BiABJPo0mOjjz8GJDURarmCPGqaiVg5mfjb98CQ=="],

    "get-proto": ["get-proto@1.0.1", "", { "dependencies": { "dunder-proto": "^1.0.1", "es-object-atoms": "^1.0.0" } }, "sha512-sTSfBjoXBp89JvIKIefqw7U2CCebsc74kiY6awiGogKtoSGbgjYE/G/+l9sF3MWFPNc9IcoOC4ODfKHfxFmp0g=="],

    "gopd": ["gopd@1.2.0", "", {}, "sha512-ZUKRh6/kUFoAiTAtTYPZJ3hw9wNxx+BIBOijnlG9PnrJsCcSjs1wyyD6vJpaYtgnzDrKYRSqf3OO6Rfa93xsRg=="],

    "has-symbols": ["has-symbols@1.1.0", "", {}, "sha512-1cDNdwJ2Jaohmb3sg4OmKaMBwuC48sYni5HUw2DvsC8LjGTLK9h+eb1X6RyuOHe4hT0ULCW68iomhjUoKUqlPQ=="],

    "has-tostringtag": ["has-tostringtag@1.0.2", "", { "dependencies": { "has-symbols": "^1.0.3" } }, "sha512-NqADB8VjPFLM2V0VvHUewwwsw0ZWBaIdgo+ieHtK3hasLz4qeCRjYcqfB6AQrBggRKppKF8L52/VqdVsO47Dlw=="],

    "hasown": ["hasown@2.0.4", "", { "dependencies": { "function-bind": "^1.1.2" } }, "sha512-T2UbfbBEF32wiepXIsMlTW9+dDYC6wMh/t/vYA4tuOMKqWz/n3vr1NFSxQiyP+zk2mXsoMA/i/7qV6LKut1t1A=="],

    "https-proxy-agent": ["https-proxy-agent@5.0.1", "", { "dependencies": { "agent-base": "6", "debug": "4" } }, "sha512-dFcAjpTQFgoLMzC2VwU+C/CbS7uRL0lWmxDITmqm7C+7F0Odmj6s9l6alZc6AELXhrnggM2CeWSXHGOdX2YtwA=="],

    "infobox-parser": ["infobox-parser@3.6.4", "", { "dependencies": { "camelcase": "^4.1.0" } }, "sha512-d2lTlxKZX7WsYxk9/UPt51nkmZv5tbC75SSw4hfHqZ3LpRAn6ug0oru9xI2X+S78va3aUAze3xl/UqMuwLmJUw=="],

    "is-network-error": ["is-network-error@1.3.2", "", {}, "sha512-PhBY86zaxNZUuWP6h13Vu5oFe0XY6/UlKzQnYFELzGVHygP3MxmvTfYSG7GN3aIab/iWudSMgjSnG9Dq+nHrgA=="],

    "js-tiktoken": ["js-tiktoken@1.0.21", "", { "dependencies": { "base64-js": "^1.5.1" } }, "sha512-biOj/6M5qdgx5TKjDnFT1ymSpM5tbd3ylwDtrQvFQSu0Z7bBYko2dF+W/aUkXUPuk6IVpRxk/3Q2sHOzGlS36g=="],

    "json-schema-to-ts": ["json-schema-to-ts@3.1.1", "", { "dependencies": { "@babel/runtime": "^7.18.3", "ts-algebra": "^2.0.0" } }, "sha512-+DWg8jCJG2TEnpy7kOm/7/AxaYoaRbjVB4LFZLySZlWn8exGs3A4OLJR966cVvU26N7X9TWxl+Jsw7dzAqKT6g=="],

    "langchain": ["langchain@1.5.1", "", { "dependencies": { "@langchain/langgraph": "^1.4.4", "@langchain/langgraph-checkpoint": "^1.1.2", "langsmith": ">=0.5.0 <1.0.0", "zod": "^3.25.76 || ^4" }, "peerDependencies": { "@langchain/core": "^1.2.1" } }, "sha512-Ik/eTZI7k5LOMG7pyrsrtSbGecmrZosNJXn41Qa4UO+WcdyKK2fXH1/SshaRoFPXB2Ki7gcC+4N+R/+P2eR8KQ=="],

    "langsmith": ["langsmith@0.7.10", "", { "dependencies": { "p-queue": "6.6.2" }, "peerDependencies": { "@opentelemetry/api": "*", "@opentelemetry/exporter-trace-otlp-proto": "*", "@opentelemetry/sdk-trace-base": "*", "openai": "*", "ws": ">=7" }, "optionalPeers": ["@opentelemetry/api", "@opentelemetry/exporter-trace-otlp-proto", "@opentelemetry/sdk-trace-base", "openai", "ws"] }, "sha512-3EjJx9zGMzqF60eT9JADHF+Hn/T5ayTgEVp4d3M5yvJIJi3q6seX0p5jT8ecBCWBi1kIvvssWrcDxfwgSier7Q=="],

    "marked": ["marked@17.0.1", "", { "bin": { "marked": "bin/marked.js" } }, "sha512-boeBdiS0ghpWcSwoNm/jJBwdpFaMnZWRzjA6SkUMYb40SVaN1x7mmfGKp0jvexGcx+7y2La5zRZsYFZI6Qpypg=="],

    "math-intrinsics": ["math-intrinsics@1.1.0", "", {}, "sha512-/IXtbwEk5HTPyEwyKX6hGkYXxM9nbj64B+ilVJnC/R6B0pH5G4V3b0pVbL7DBj4tkhBAppbQUlf6F6Xl9LHu1g=="],

    "mime-db": ["mime-db@1.52.0", "", {}, "sha512-sPU4uV7dYlvtWJxwwxHD0PuihVNiE7TyAbQ5SWxDCB9mUYvOgroQOwYQQOKPJ8CIbE+1ETVlOoK1UC2nU3gYvg=="],

    "mime-types": ["mime-types@2.1.35", "", { "dependencies": { "mime-db": "1.52.0" } }, "sha512-ZDY+bPm5zTTF+YpCrAU9nK0UgICYPT0QtT1NZWFv4s++TNkcgVaT0g6+4R2uI4MjQjzysHB1zxuWL50hzaeXiw=="],

    "ms": ["ms@2.1.3", "", {}, "sha512-6FlzubTLZG3J2a/NVCAleEhjzq5oxgHyaCU9yYXvcLsvoVaHJq/s5xXI6/XXP6tz7R9xAOtHnSO/tXtF3WRTlA=="],

    "mustache": ["mustache@4.2.0", "", { "bin": { "mustache": "bin/mustache" } }, "sha512-71ippSywq5Yb7/tVYyGbkBggbU8H3u5Rz56fH60jGFgr8uHwxs+aSKeqmluIVzM0m0kB7xQjKS6qPfd0b2ZoqQ=="],

    "openai": ["openai@6.44.0", "", { "peerDependencies": { "ws": "^8.18.0", "zod": "^3.25 || ^4.0" }, "optionalPeers": ["ws", "zod"] }, "sha512-09/gH+8jH0RgUwsgWHAaxsKGRT5zVZ95IaJUnqAWj6XejIBmnFRwq2WUIF37VtDEsmGrtPmvCs5+yBSeZGWvkA=="],

    "p-finally": ["p-finally@1.0.0", "", {}, "sha512-LICb2p9CB7FS+0eR1oqWnHhp0FljGLZCWBE9aix0Uye9W8LTQPwMTYVGWQWIw9RdQiDg4+epXQODwIYJtSJaow=="],

    "p-queue": ["p-queue@6.6.2", "", { "dependencies": { "eventemitter3": "^4.0.4", "p-timeout": "^3.2.0" } }, "sha512-RwFpb72c/BhQLEXIZ5K2e+AhgNVmIejGlTgiB9MzZ0e93GRvqZ7uSi0dvRF7/XIXDeNkra2fNHBxTyPDGySpjQ=="],

    "p-retry": ["p-retry@7.1.1", "", { "dependencies": { "is-network-error": "^1.1.0" } }, "sha512-J5ApzjyRkkf601HpEeykoiCvzHQjWxPAHhyjFcEUP2SWq0+35NKh8TLhpLw+Dkq5TZBFvUM6UigdE9hIVYTl5w=="],

    "p-timeout": ["p-timeout@3.2.0", "", { "dependencies": { "p-finally": "^1.0.0" } }, "sha512-rhIwUycgwwKcP9yTOOFK/AKsAopjjCakVqLHePO3CC6Mir1Z99xT+R63jZxAT5lFZLa2inS5h+ZS2GvR99/FBg=="],

    "proxy-from-env": ["proxy-from-env@2.1.0", "", {}, "sha512-cJ+oHTW1VAEa8cJslgmUZrc+sjRKgAKl3Zyse6+PV38hZe/V6Z14TbCuXcan9F9ghlz4QrFr2c92TNF82UkYHA=="],

    "react": ["react@19.2.7", "", {}, "sha512-HNe9WslTbXmFK8o8cmwgAeJFSBvt1bPdHCVKtaaV+WlAN36mpT4hcRpwbf3fY56ar2oIXzsBpOAiIRHAdY0OlQ=="],

    "react-devtools-core": ["react-devtools-core@7.0.1", "", { "dependencies": { "shell-quote": "^1.6.1", "ws": "^7" } }, "sha512-C3yNvRHaizlpiASzy7b9vbnBGLrhvdhl1CbdU6EnZgxPNbai60szdLtl+VL76UNOt5bOoVTOz5rNWZxgGt+Gsw=="],

    "react-reconciler": ["react-reconciler@0.33.0", "", { "dependencies": { "scheduler": "^0.27.0" }, "peerDependencies": { "react": "^19.2.0" } }, "sha512-KetWRytFv1epdpJc3J4G75I4WrplZE5jOL7Yq0p34+OVOKF4Se7WrdIdVC45XsSSmUTlht2FM/fM1FZb1mfQeA=="],

    "scheduler": ["scheduler@0.27.0", "", {}, "sha512-eNv+WrVbKu1f3vbYJT/xtiF5syA5HPIMtf9IgY/nKg0sWqzAUEvqY/xm7OcZc/qafLx/iO9FgOmeSAp4v5ti/Q=="],

    "shell-quote": ["shell-quote@1.8.4", "", {}, "sha512-VsC6n6vz1ihYYyZZwX7YZSF5l5x36ca17OC+a69h94YqB7X6XLwf+5MOgynYir2SLFUbl8gIYvBo8K8RoNQ6bQ=="],

    "standardwebhooks": ["standardwebhooks@1.0.0", "", { "dependencies": { "@stablelib/base64": "^1.0.0", "fast-sha256": "^1.3.0" } }, "sha512-BbHGOQK9olHPMvQNHWul6MYlrRTAOKn03rOe4A8O3CLWhNf4YHBqq2HJKKC+sfqpxiBY52pNeesD6jIiLDz8jg=="],

    "string-width": ["string-width@7.2.0", "", { "dependencies": { "emoji-regex": "^10.3.0", "get-east-asian-width": "^1.0.0", "strip-ansi": "^7.1.0" } }, "sha512-tsaTIkKW9b4N+AEj+SVA+WhJzV7/zMhcSu78mLKWSk7cXMOSHsBKFWUs0fWwq8QyK3MgJBQRX6Gbi4kYbdvGkQ=="],

    "strip-ansi": ["strip-ansi@7.1.2", "", { "dependencies": { "ansi-regex": "^6.0.1" } }, "sha512-gmBGslpoQJtgnMAvOVqGZpEz9dyoKTCzy2nfz/n8aIFhN/jCE/rCmcxabB6jOOHV+0WNnylOxaxBQPSvcWklhA=="],

    "ts-algebra": ["ts-algebra@2.0.0", "", {}, "sha512-FPAhNPFMrkwz76P7cdjdmiShwMynZYN6SgOujD1urY4oNm80Ou9oMdmbR45LotcKOXoy7wSmHkRFE6Mxbrhefw=="],

    "typescript": ["typescript@6.0.3", "", { "bin": { "tsc": "bin/tsc", "tsserver": "bin/tsserver" } }, "sha512-y2TvuxSZPDyQakkFRPZHKFm+KKVqIisdg9/CZwm9ftvKXLP8NRWj38/ODjNbr43SsoXqNuAisEf1GdCxqWcdBw=="],

    "undici-types": ["undici-types@8.3.0", "", {}, "sha512-j375ScV60dom+YkPFIfTLcOiPxkN/buHz5GobjLhixFuANaNs3C9l4GmrWqejgXWJ7BbJcFYpTEUkS1Ge8bpZQ=="],

    "web-tree-sitter": ["web-tree-sitter@0.25.10", "", { "peerDependencies": { "@types/emscripten": "^1.40.0" }, "optionalPeers": ["@types/emscripten"] }, "sha512-Y09sF44/13XvgVKgO2cNDw5rGk6s26MgoZPXLESvMXeefBf7i6/73eFurre0IsTW6E14Y0ArIzhUMmjoc7xyzA=="],

    "wikipedia": ["wikipedia@2.5.0", "", { "dependencies": { "axios": "^1.4.0", "infobox-parser": "^3.6.2" } }, "sha512-qp4Qf4osDwTnmfhoT7Ocl4P0SIlKBV3dvGnyr1yDA8BWdEJ+JZOpsDrsaqgN842TtXPFCcS7rDy4kHgnkpolAg=="],

    "ws": ["ws@8.21.0", "", { "peerDependencies": { "bufferutil": "^4.0.1", "utf-8-validate": ">=5.0.2" }, "optionalPeers": ["bufferutil", "utf-8-validate"] }, "sha512-Vsp28b7DRcimFQvrqu2Wek3z1iYxDCWqHYB8Qsnk/S4RfaCQzPGPyBNuVjJV3cd6UiKtUtp6sNM77gWvzcCH+g=="],

    "zod": ["zod@4.4.3", "", {}, "sha512-ytENFjIJFl2UwYglde2jchW2Hwm4GJFLDiSXWdTrJQBIN9Fcyp7n4DhxJEiWNAJMV1/BqWfW/kkg71UDcHJyTQ=="],

    "@langchain/langgraph-sdk/p-queue": ["p-queue@9.3.0", "", { "dependencies": { "eventemitter3": "^5.0.4", "p-timeout": "^7.0.0" } }, "sha512-7NED7xhQ74Ngp4JP/2e0VZHp7vSWfJfqeiR92jPgxsz6m0Se4P03YoTKa9dDXyZ3r6P616gUXttrB6nnHYKang=="],

    "react-devtools-core/ws": ["ws@7.5.11", "", { "peerDependencies": { "bufferutil": "^4.0.1", "utf-8-validate": "^5.0.2" }, "optionalPeers": ["bufferutil", "utf-8-validate"] }, "sha512-zS54Oen9bITtp7kp2XM3AydrCIq1D+HwJOuH+c+e4LfpL/lotP5osijd+UoMnxwAam1GN8R4KtLAyIrIcBNpiA=="],

    "@langchain/langgraph-sdk/p-queue/eventemitter3": ["eventemitter3@5.0.4", "", {}, "sha512-mlsTRyGaPBjPedk6Bvw+aqbsXDtoAyAzm5MO7JgU+yVRyMQ5O8bD4Kcci7BS85f93veegeCPkL8R4GLClnjLFw=="],

    "@langchain/langgraph-sdk/p-queue/p-timeout": ["p-timeout@7.0.1", "", {}, "sha512-AxTM2wDGORHGEkPCt8yqxOTMgpfbEHqF51f/5fJCmwFC3C/zNcGT63SymH2ttOAaiIws2zVg4+izQCjrakcwHg=="],
  }
}
